
Microsoft Visual Studio Solution File, Format Version 12.00
# Visual Studio Version 17
VisualStudioVersion = 17.0.32014.148
MinimumVisualStudioVersion = 10.0.40219.1
Project("{9A19103F-16F7-4668-BE54-9A1E7A4F7556}") = "PRUEBA_BRAHAN_ACOSTA_WEB", "PRUEBA_BRAHAN_ACOSTA\PRUEBA_BRAHAN_ACOSTA_WEB.csproj", "{2CE2E723-EC99-4F85-861D-2824A9F5AC4B}"
EndProject
Global
	GlobalSection(SolutionConfigurationPlatforms) = preSolution
		Debug|Any CPU = Debug|Any CPU
		Release|Any CPU = Release|Any CPU
	EndGlobalSection
	GlobalSection(ProjectConfigurationPlatforms) = postSolution
		{2CE2E723-EC99-4F85-861D-2824A9F5AC4B}.Debug|Any CPU.ActiveCfg = Debug|Any CPU
		{2CE2E723-EC99-4F85-861D-2824A9F5AC4B}.Debug|Any CPU.Build.0 = Debug|Any CPU
		{2CE2E723-EC99-4F85-861D-2824A9F5AC4B}.Release|Any CPU.ActiveCfg = Release|Any CPU
		{2CE2E723-EC99-4F85-861D-2824A9F5AC4B}.Release|Any CPU.Build.0 = Release|Any CPU
	EndGlobalSection
	GlobalSection(SolutionProperties) = preSolution
		HideSolutionNode = FALSE
	EndGlobalSection
	GlobalSection(ExtensibilityGlobals) = postSolution
		SolutionGuid = {520A92E5-A79B-457F-AA82-582BDC9453DD}
	EndGlobalSection
EndGlobal
